// !$*UTF8*$!
{
	archiveVersion = 1;
	classes = {
	};
	objectVersion = 51;
	objects = {

/* Begin PBXBuildFile section */
		0A91F69C240AD83E009003A4 /* AppDelegate.swift in Sources */ = {isa = PBXBuildFile; fileRef = 0A91F69B240AD83E009003A4 /* AppDelegate.swift */; };
		0A91F69E240AD83E009003A4 /* SceneDelegate.swift in Sources */ = {isa = PBXBuildFile; fileRef = 0A91F69D240AD83E009003A4 /* SceneDelegate.swift */; };
		0A91F6A0240AD83E009003A4 /* ViewController.swift in Sources */ = {isa = PBXBuildFile; fileRef = 0A91F69F240AD83E009003A4 /* ViewController.swift */; };
		0A91F6A3240AD83E009003A4 /* Main.storyboard in Resources */ = {isa = PBXBuildFile; fileRef = 0A91F6A1240AD83E009003A4 /* Main.storyboard */; };
		0A91F6A5240AD841009003A4 /* Assets.xcassets in Resources */ = {isa = PBXBuildFile; fileRef = 0A91F6A4240AD841009003A4 /* Assets.xcassets */; };
		0A91F6A8240AD841009003A4 /* LaunchScreen.storyboard in Resources */ = {isa = PBXBuildFile; fileRef = 0A91F6A6240AD841009003A4 /* LaunchScreen.storyboard */; };
		0A91F6B3240AD841009003A4 /* TakePictureTests.swift in Sources */ = {isa = PBXBuildFile; fileRef = 0A91F6B2240AD841009003A4 /* TakePictureTests.swift */; };
		0A91F6BE240AD841009003A4 /* TakePictureUITests.swift in Sources */ = {isa = PBXBuildFile; fileRef = 0A91F6BD240AD841009003A4 /* TakePictureUITests.swift */; };
		0A91F6CC240AF27A009003A4 /* TabBar.storyboard in Resources */ = {isa = PBXBuildFile; fileRef = 0A91F6CB240AF27A009003A4 /* TabBar.storyboard */; };
		0A91F6CE240B1665009003A4 /* GoogleService-Info.plist in Resources */ = {isa = PBXBuildFile; fileRef = 0A91F6CD240B1665009003A4 /* GoogleService-Info.plist */; };
		0A91F6D0240B1CA1009003A4 /* FirebaseStories.storyboard in Resources */ = {isa = PBXBuildFile; fileRef = 0A91F6CF240B1CA1009003A4 /* FirebaseStories.storyboard */; };
		42F04BD842B23E8F55A6F47F /* Pods_TakePictureTests.framework in Frameworks */ = {isa = PBXBuildFile; fileRef = 4EB958E3EBE4EC6E5F9F8556 /* Pods_TakePictureTests.framework */; };
		4C637193C2E7F1A0D2E9DFCD /* Pods_TakePicture.framework in Frameworks */ = {isa = PBXBuildFile; fileRef = EEABE2BF0427ADFFE1381CF9 /* Pods_TakePicture.framework */; };
		EE286B682C7A906CD100D9CF /* Pods_TakePicture_TakePictureUITests.framework in Frameworks */ = {isa = PBXBuildFile; fileRef = 3D5A623E8B272C2C9D5FBD08 /* Pods_TakePicture_TakePictureUITests.framework */; };
/* End PBXBuildFile section */

/* Begin PBXContainerItemProxy section */
		0A91F6AF240AD841009003A4 /* PBXContainerItemProxy */ = {
			isa = PBXContainerItemProxy;
			containerPortal = 0A91F690240AD83E009003A4 /* Project object */;
			proxyType = 1;
			remoteGlobalIDString = 0A91F697240AD83E009003A4;
			remoteInfo = TakePicture;
		};
		0A91F6BA240AD841009003A4 /* PBXContainerItemProxy */ = {
			isa = PBXContainerItemProxy;
			containerPortal = 0A91F690240AD83E009003A4 /* Project object */;
			proxyType = 1;
			remoteGlobalIDString = 0A91F697240AD83E009003A4;
			remoteInfo = TakePicture;
		};
/* End PBXContainerItemProxy section */

/* Begin PBXFileReference section */
		0A91F698240AD83E009003A4 /* Primer App.app */ = {isa = PBXFileReference; explicitFileType = wrapper.application; includeInIndex = 0; path = "Primer App.app"; sourceTree = BUILT_PRODUCTS_DIR; };
		0A91F69B240AD83E009003A4 /* AppDelegate.swift */ = {isa = PBXFileReference; lastKnownFileType = sourcecode.swift; path = AppDelegate.swift; sourceTree = "<group>"; };
		0A91F69D240AD83E009003A4 /* SceneDelegate.swift */ = {isa = PBXFileReference; lastKnownFileType = sourcecode.swift; path = SceneDelegate.swift; sourceTree = "<group>"; };
		0A91F69F240AD83E009003A4 /* ViewController.swift */ = {isa = PBXFileReference; lastKnownFileType = sourcecode.swift; path = ViewController.swift; sourceTree = "<group>"; };
		0A91F6A2240AD83E009003A4 /* Base */ = {isa = PBXFileReference; lastKnownFileType = file.storyboard; name = Base; path = Base.lproj/Main.storyboard; sourceTree = "<group>"; };
		0A91F6A4240AD841009003A4 /* Assets.xcassets */ = {isa = PBXFileReference; lastKnownFileType = folder.assetcatalog; path = Assets.xcassets; sourceTree = "<group>"; };
		0A91F6A7240AD841009003A4 /* Base */ = {isa = PBXFileReference; lastKnownFileType = file.storyboard; name = Base; path = Base.lproj/LaunchScreen.storyboard; sourceTree = "<group>"; };
		0A91F6A9240AD841009003A4 /* Info.plist */ = {isa = PBXFileReference; lastKnownFileType = text.plist.xml; path = Info.plist; sourceTree = "<group>"; };
		0A91F6AE240AD841009003A4 /* TakePictureTests.xctest */ = {isa = PBXFileReference; explicitFileType = wrapper.cfbundle; includeInIndex = 0; path = TakePictureTests.xctest; sourceTree = BUILT_PRODUCTS_DIR; };
		0A91F6B2240AD841009003A4 /* TakePictureTests.swift */ = {isa = PBXFileReference; lastKnownFileType = sourcecode.swift; path = TakePictureTests.swift; sourceTree = "<group>"; };
		0A91F6B4240AD841009003A4 /* Info.plist */ = {isa = PBXFileReference; lastKnownFileType = text.plist.xml; path = Info.plist; sourceTree = "<group>"; };
		0A91F6B9240AD841009003A4 /* TakePictureUITests.xctest */ = {isa = PBXFileReference; explicitFileType = wrapper.cfbundle; includeInIndex = 0; path = TakePictureUITests.xctest; sourceTree = BUILT_PRODUCTS_DIR; };
		0A91F6BD240AD841009003A4 /* TakePictureUITests.swift */ = {isa = PBXFileReference; lastKnownFileType = sourcecode.swift; path = TakePictureUITests.swift; sourceTree = "<group>"; };
		0A91F6BF240AD841009003A4 /* Info.plist */ = {isa = PBXFileReference; lastKnownFileType = text.plist.xml; path = Info.plist; sourceTree = "<group>"; };
		0A91F6CB240AF27A009003A4 /* TabBar.storyboard */ = {isa = PBXFileReference; lastKnownFileType = file.storyboard; path = TabBar.storyboard; sourceTree = "<group>"; };
		0A91F6CD240B1665009003A4 /* GoogleService-Info.plist */ = {isa = PBXFileReference; fileEncoding = 4; lastKnownFileType = text.plist.xml; path = "GoogleService-Info.plist"; sourceTree = "<group>"; };
		0A91F6CF240B1CA1009003A4 /* FirebaseStories.storyboard */ = {isa = PBXFileReference; lastKnownFileType = file.storyboard; path = FirebaseStories.storyboard; sourceTree = "<group>"; };
		239F1E009463F491E1696E6E /* Pods-TakePicture-TakePictureUITests.release.xcconfig */ = {isa = PBXFileReference; includeInIndex = 1; lastKnownFileType = text.xcconfig; name = "Pods-TakePicture-TakePictureUITests.release.xcconfig"; path = "Target Support Files/Pods-TakePicture-TakePictureUITests/Pods-TakePicture-TakePictureUITests.release.xcconfig"; sourceTree = "<group>"; };
		2796D033F478050FD069F0CF /* Pods-TakePictureTests.debug.xcconfig */ = {isa = PBXFileReference; includeInIndex = 1; lastKnownFileType = text.xcconfig; name = "Pods-TakePictureTests.debug.xcconfig"; path = "Target Support Files/Pods-TakePictureTests/Pods-TakePictureTests.debug.xcconfig"; sourceTree = "<group>"; };
		3D5A623E8B272C2C9D5FBD08 /* Pods_TakePicture_TakePictureUITests.framework */ = {isa = PBXFileReference; explicitFileType = wrapper.framework; includeInIndex = 0; path = Pods_TakePicture_TakePictureUITests.framework; sourceTree = BUILT_PRODUCTS_DIR; };
		4EB958E3EBE4EC6E5F9F8556 /* Pods_TakePictureTests.framework */ = {isa = PBXFileReference; explicitFileType = wrapper.framework; includeInIndex = 0; path = Pods_TakePictureTests.framework; sourceTree = BUILT_PRODUCTS_DIR; };
		7BFD819D00999031933ADA00 /* Pods-TakePicture-TakePictureUITests.debug.xcconfig */ = {isa = PBXFileReference; includeInIndex = 1; lastKnownFileType = text.xcconfig; name = "Pods-TakePicture-TakePictureUITests.debug.xcconfig"; path = "Target Support Files/Pods-TakePicture-TakePictureUITests/Pods-TakePicture-TakePictureUITests.debug.xcconfig"; sourceTree = "<group>"; };
		87B15FD6CD78D2CE17AF4011 /* Pods-TakePictureTests.release.xcconfig */ = {isa = PBXFileReference; includeInIndex = 1; lastKnownFileType = text.xcconfig; name = "Pods-TakePictureTests.release.xcconfig"; path = "Target Support Files/Pods-TakePictureTests/Pods-TakePictureTests.release.xcconfig"; sourceTree = "<group>"; };
		AEFAC6596E032F293E3CD974 /* Pods-TakePicture.release.xcconfig */ = {isa = PBXFileReference; includeInIndex = 1; lastKnownFileType = text.xcconfig; name = "Pods-TakePicture.release.xcconfig"; path = "Target Support Files/Pods-TakePicture/Pods-TakePicture.release.xcconfig"; sourceTree = "<group>"; };
		B7A1E5E4E53CA52F1069B82E /* Pods-TakePicture.debug.xcconfig */ = {isa = PBXFileReference; includeInIndex = 1; lastKnownFileType = text.xcconfig; name = "Pods-TakePicture.debug.xcconfig"; path = "Target Support Files/Pods-TakePicture/Pods-TakePicture.debug.xcconfig"; sourceTree = "<group>"; };
		EEABE2BF0427ADFFE1381CF9 /* Pods_TakePicture.framework */ = {isa = PBXFileReference; explicitFileType = wrapper.framework; includeInIndex = 0; path = Pods_TakePicture.framework; sourceTree = BUILT_PRODUCTS_DIR; };
/* End PBXFileReference section */

/* Begin PBXFrameworksBuildPhase section */
		0A91F695240AD83E009003A4 /* Frameworks */ = {
			isa = PBXFrameworksBuildPhase;
			buildActionMask = 2147483647;
			files = (
				4C637193C2E7F1A0D2E9DFCD /* Pods_TakePicture.framework in Frameworks */,
			);
			runOnlyForDeploymentPostprocessing = 0;
		};
		0A91F6AB240AD841009003A4 /* Frameworks */ = {
			isa = PBXFrameworksBuildPhase;
			buildActionMask = 2147483647;
			files = (
				42F04BD842B23E8F55A6F47F /* Pods_TakePictureTests.framework in Frameworks */,
			);
			runOnlyForDeploymentPostprocessing = 0;
		};
		0A91F6B6240AD841009003A4 /* Frameworks */ = {
			isa = PBXFrameworksBuildPhase;
			buildActionMask = 2147483647;
			files = (
				EE286B682C7A906CD100D9CF /* Pods_TakePicture_TakePictureUITests.framework in Frameworks */,
			);
			runOnlyForDeploymentPostprocessing = 0;
		};
/* End PBXFrameworksBuildPhase section */

/* Begin PBXGroup section */
		007BD5FC14214A460E9696F4 /* Frameworks */ = {
			isa = PBXGroup;
			children = (
				EEABE2BF0427ADFFE1381CF9 /* Pods_TakePicture.framework */,
				3D5A623E8B272C2C9D5FBD08 /* Pods_TakePicture_TakePictureUITests.framework */,
				4EB958E3EBE4EC6E5F9F8556 /* Pods_TakePictureTests.framework */,
			);
			name = Frameworks;
			sourceTree = "<group>";
		};
		0A91F68F240AD83E009003A4 = {
			isa = PBXGroup;
			children = (
				0A91F69A240AD83E009003A4 /* TakePicture */,
				0A91F6B1240AD841009003A4 /* TakePictureTests */,
				0A91F6BC240AD841009003A4 /* TakePictureUITests */,
				0A91F699240AD83E009003A4 /* Products */,
				33F39264CFC0FEC75DF3CAEE /* Pods */,
				007BD5FC14214A460E9696F4 /* Frameworks */,
			);
			sourceTree = "<group>";
		};
		0A91F699240AD83E009003A4 /* Products */ = {
			isa = PBXGroup;
			children = (
				0A91F698240AD83E009003A4 /* Primer App.app */,
				0A91F6AE240AD841009003A4 /* TakePictureTests.xctest */,
				0A91F6B9240AD841009003A4 /* TakePictureUITests.xctest */,
			);
			name = Products;
			sourceTree = "<group>";
		};
		0A91F69A240AD83E009003A4 /* TakePicture */ = {
			isa = PBXGroup;
			children = (
				0A91F69B240AD83E009003A4 /* AppDelegate.swift */,
				0A91F6CF240B1CA1009003A4 /* FirebaseStories.storyboard */,
				0A91F69D240AD83E009003A4 /* SceneDelegate.swift */,
				0A91F69F240AD83E009003A4 /* ViewController.swift */,
				0A91F6A1240AD83E009003A4 /* Main.storyboard */,
				0A91F6CB240AF27A009003A4 /* TabBar.storyboard */,
				0A91F6A4240AD841009003A4 /* Assets.xcassets */,
				0A91F6A6240AD841009003A4 /* LaunchScreen.storyboard */,
				0A91F6CD240B1665009003A4 /* GoogleService-Info.plist */,
				0A91F6A9240AD841009003A4 /* Info.plist */,
			);
			path = TakePicture;
			sourceTree = "<group>";
		};
		0A91F6B1240AD841009003A4 /* TakePictureTests */ = {
			isa = PBXGroup;
			children = (
				0A91F6B2240AD841009003A4 /* TakePictureTests.swift */,
				0A91F6B4240AD841009003A4 /* Info.plist */,
			);
			path = TakePictureTests;
			sourceTree = "<group>";
		};
		0A91F6BC240AD841009003A4 /* TakePictureUITests */ = {
			isa = PBXGroup;
			children = (
				0A91F6BD240AD841009003A4 /* TakePictureUITests.swift */,
				0A91F6BF240AD841009003A4 /* Info.plist */,
			);
			path = TakePictureUITests;
			sourceTree = "<group>";
		};
		33F39264CFC0FEC75DF3CAEE /* Pods */ = {
			isa = PBXGroup;
			children = (
				B7A1E5E4E53CA52F1069B82E /* Pods-TakePicture.debug.xcconfig */,
				AEFAC6596E032F293E3CD974 /* Pods-TakePicture.release.xcconfig */,
				7BFD819D00999031933ADA00 /* Pods-TakePicture-TakePictureUITests.debug.xcconfig */,
				239F1E009463F491E1696E6E /* Pods-TakePicture-TakePictureUITests.release.xcconfig */,
				2796D033F478050FD069F0CF /* Pods-TakePictureTests.debug.xcconfig */,
				87B15FD6CD78D2CE17AF4011 /* Pods-TakePictureTests.release.xcconfig */,
			);
			path = Pods;
			sourceTree = "<group>";
		};
/* End PBXGroup section */

/* Begin PBXNativeTarget section */
		0A91F697240AD83E009003A4 /* TakePicture */ = {
			isa = PBXNativeTarget;
			buildConfigurationList = 0A91F6C2240AD841009003A4 /* Build configuration list for PBXNativeTarget "TakePicture" */;
			buildPhases = (
				A7281DCB2A4EA770AADF4341 /* [CP] Check Pods Manifest.lock */,
				0A91F694240AD83E009003A4 /* Sources */,
				0A91F695240AD83E009003A4 /* Frameworks */,
				0A91F696240AD83E009003A4 /* Resources */,
				3F2B880D8ADE6E8D5AC6891A /* [CP] Embed Pods Frameworks */,
			);
			buildRules = (
			);
			dependencies = (
			);
			name = TakePicture;
			productName = TakePicture;
			productReference = 0A91F698240AD83E009003A4 /* Primer App.app */;
			productType = "com.apple.product-type.application";
		};
		0A91F6AD240AD841009003A4 /* TakePictureTests */ = {
			isa = PBXNativeTarget;
			buildConfigurationList = 0A91F6C5240AD841009003A4 /* Build configuration list for PBXNativeTarget "TakePictureTests" */;
			buildPhases = (
				D37B3070C709AA3AA0D0110C /* [CP] Check Pods Manifest.lock */,
				0A91F6AA240AD841009003A4 /* Sources */,
				0A91F6AB240AD841009003A4 /* Frameworks */,
				0A91F6AC240AD841009003A4 /* Resources */,
			);
			buildRules = (
			);
			dependencies = (
				0A91F6B0240AD841009003A4 /* PBXTargetDependency */,
			);
			name = TakePictureTests;
			productName = TakePictureTests;
			productReference = 0A91F6AE240AD841009003A4 /* TakePictureTests.xctest */;
			productType = "com.apple.product-type.bundle.unit-test";
		};
		0A91F6B8240AD841009003A4 /* TakePictureUITests */ = {
			isa = PBXNativeTarget;
			buildConfigurationList = 0A91F6C8240AD841009003A4 /* Build configuration list for PBXNativeTarget "TakePictureUITests" */;
			buildPhases = (
				54ABA16987E247E218C7C2CF /* [CP] Check Pods Manifest.lock */,
				0A91F6B5240AD841009003A4 /* Sources */,
				0A91F6B6240AD841009003A4 /* Frameworks */,
				0A91F6B7240AD841009003A4 /* Resources */,
				C24D4B9BEFC85C80B39D49EC /* [CP] Embed Pods Frameworks */,
			);
			buildRules = (
			);
			dependencies = (
				0A91F6BB240AD841009003A4 /* PBXTargetDependency */,
			);
			name = TakePictureUITests;
			productName = TakePictureUITests;
			productReference = 0A91F6B9240AD841009003A4 /* TakePictureUITests.xctest */;
			productType = "com.apple.product-type.bundle.ui-testing";
		};
/* End PBXNativeTarget section */

/* Begin PBXProject section */
		0A91F690240AD83E009003A4 /* Project object */ = {
			isa = PBXProject;
			attributes = {
				LastSwiftUpdateCheck = 1130;
				LastUpgradeCheck = 1130;
				ORGANIZATIONNAME = "Nilo Vila";
				TargetAttributes = {
					0A91F697240AD83E009003A4 = {
						CreatedOnToolsVersion = 11.3;
					};
					0A91F6AD240AD841009003A4 = {
						CreatedOnToolsVersion = 11.3;
						TestTargetID = 0A91F697240AD83E009003A4;
					};
					0A91F6B8240AD841009003A4 = {
						CreatedOnToolsVersion = 11.3;
						TestTargetID = 0A91F697240AD83E009003A4;
					};
				};
			};
			buildConfigurationList = 0A91F693240AD83E009003A4 /* Build configuration list for PBXProject "TakePicture" */;
			compatibilityVersion = "Xcode 9.3";
			developmentRegion = en;
			hasScannedForEncodings = 0;
			knownRegions = (
				en,
				Base,
			);
			mainGroup = 0A91F68F240AD83E009003A4;
			productRefGroup = 0A91F699240AD83E009003A4 /* Products */;
			projectDirPath = "";
			projectRoot = "";
			targets = (
				0A91F697240AD83E009003A4 /* TakePicture */,
				0A91F6AD240AD841009003A4 /* TakePictureTests */,
				0A91F6B8240AD841009003A4 /* TakePictureUITests */,
			);
		};
/* End PBXProject section */

/* Begin PBXResourcesBuildPhase section */
		0A91F696240AD83E009003A4 /* Resources */ = {
			isa = PBXResourcesBuildPhase;
			buildActionMask = 2147483647;
			files = (
				0A91F6A8240AD841009003A4 /* LaunchScreen.storyboard in Resources */,
				0A91F6CC240AF27A009003A4 /* TabBar.storyboard in Resources */,
				0A91F6CE240B1665009003A4 /* GoogleService-Info.plist in Resources */,
				0A91F6D0240B1CA1009003A4 /* FirebaseStories.storyboard in Resources */,
				0A91F6A5240AD841009003A4 /* Assets.xcassets in Resources */,
				0A91F6A3240AD83E009003A4 /* Main.storyboard in Resources */,
			);
			runOnlyForDeploymentPostprocessing = 0;
		};
		0A91F6AC240AD841009003A4 /* Resources */ = {
			isa = PBXResourcesBuildPhase;
			buildActionMask = 2147483647;
			files = (
			);
			runOnlyForDeploymentPostprocessing = 0;
		};
		0A91F6B7240AD841009003A4 /* Resources */ = {
			isa = PBXResourcesBuildPhase;
			buildActionMask = 2147483647;
			files = (
			);
			runOnlyForDeploymentPostprocessing = 0;
		};
/* End PBXResourcesBuildPhase section */

/* Begin PBXShellScriptBuildPhase section */
		3F2B880D8ADE6E8D5AC6891A /* [CP] Embed Pods Frameworks */ = {
			isa = PBXShellScriptBuildPhase;
			buildActionMask = 2147483647;
			files = (
			);
			inputFileListPaths = (
				"${PODS_ROOT}/Target Support Files/Pods-TakePicture/Pods-TakePicture-frameworks-${CONFIGURATION}-input-files.xcfilelist",
			);
			name = "[CP] Embed Pods Frameworks";
			outputFileListPaths = (
				"${PODS_ROOT}/Target Support Files/Pods-TakePicture/Pods-TakePicture-frameworks-${CONFIGURATION}-output-files.xcfilelist",
			);
			runOnlyForDeploymentPostprocessing = 0;
			shellPath = /bin/sh;
			shellScript = "\"${PODS_ROOT}/Target Support Files/Pods-TakePicture/Pods-TakePicture-frameworks.sh\"\n";
			showEnvVarsInLog = 0;
		};
		54ABA16987E247E218C7C2CF /* [CP] Check Pods Manifest.lock */ = {
			isa = PBXShellScriptBuildPhase;
			buildActionMask = 2147483647;
			files = (
			);
			inputFileListPaths = (
			);
			inputPaths = (
				"${PODS_PODFILE_DIR_PATH}/Podfile.lock",
				"${PODS_ROOT}/Manifest.lock",
			);
			name = "[CP] Check Pods Manifest.lock";
			outputFileListPaths = (
			);
			outputPaths = (
				"$(DERIVED_FILE_DIR)/Pods-TakePicture-TakePictureUITests-checkManifestLockResult.txt",
			);
			runOnlyForDeploymentPostprocessing = 0;
			shellPath = /bin/sh;
			shellScript = "diff \"${PODS_PODFILE_DIR_PATH}/Podfile.lock\" \"${PODS_ROOT}/Manifest.lock\" > /dev/null\nif [ $? != 0 ] ; then\n    # print error to STDERR\n    echo \"error: The sandbox is not in sync with the Podfile.lock. Run 'pod install' or update your CocoaPods installation.\" >&2\n    exit 1\nfi\n# This output is used by Xcode 'outputs' to avoid re-running this script phase.\necho \"SUCCESS\" > \"${SCRIPT_OUTPUT_FILE_0}\"\n";
			showEnvVarsInLog = 0;
		};
		A7281DCB2A4EA770AADF4341 /* [CP] Check Pods Manifest.lock */ = {
			isa = PBXShellScriptBuildPhase;
			buildActionMask = 2147483647;
			files = (
			);
			inputFileListPaths = (
			);
			inputPaths = (
				"${PODS_PODFILE_DIR_PATH}/Podfile.lock",
				"${PODS_ROOT}/Manifest.lock",
			);
			name = "[CP] Check Pods Manifest.lock";
			outputFileListPaths = (
			);
			outputPaths = (
				"$(DERIVED_FILE_DIR)/Pods-TakePicture-checkManifestLockResult.txt",
			);
			runOnlyForDeploymentPostprocessing = 0;
			shellPath = /bin/sh;
			shellScript = "diff \"${PODS_PODFILE_DIR_PATH}/Podfile.lock\" \"${PODS_ROOT}/Manifest.lock\" > /dev/null\nif [ $? != 0 ] ; then\n    # print error to STDERR\n    echo \"error: The sandbox is not in sync with the Podfile.lock. Run 'pod install' or update your CocoaPods installation.\" >&2\n    exit 1\nfi\n# This output is used by Xcode 'outputs' to avoid re-running this script phase.\necho \"SUCCESS\" > \"${SCRIPT_OUTPUT_FILE_0}\"\n";
			showEnvVarsInLog = 0;
		};
		C24D4B9BEFC85C80B39D49EC /* [CP] Embed Pods Frameworks */ = {
			isa = PBXShellScriptBuildPhase;
			buildActionMask = 2147483647;
			files = (
			);
			inputFileListPaths = (
				"${PODS_ROOT}/Target Support Files/Pods-TakePicture-TakePictureUITests/Pods-TakePicture-TakePictureUITests-frameworks-${CONFIGURATION}-input-files.xcfilelist",
			);
			name = "[CP] Embed Pods Frameworks";
			outputFileListPaths = (
				"${PODS_ROOT}/Target Support Files/Pods-TakePicture-TakePictureUITests/Pods-TakePicture-TakePictureUITests-frameworks-${CONFIGURATION}-output-files.xcfilelist",
			);
			runOnlyForDeploymentPostprocessing = 0;
			shellPath = /bin/sh;
			shellScript = "\"${PODS_ROOT}/Target Support Files/Pods-TakePicture-TakePictureUITests/Pods-TakePicture-TakePictureUITests-frameworks.sh\"\n";
			showEnvVarsInLog = 0;
		};
		D37B3070C709AA3AA0D0110C /* [CP] Check Pods Manifest.lock */ = {
			isa = PBXShellScriptBuildPhase;
			buildActionMask = 2147483647;
			files = (
			);
			inputFileListPaths = (
			);
			inputPaths = (
				"${PODS_PODFILE_DIR_PATH}/Podfile.lock",
				"${PODS_ROOT}/Manifest.lock",
			);
			name = "[CP] Check Pods Manifest.lock";
			outputFileListPaths = (
			);
			outputPaths = (
				"$(DERIVED_FILE_DIR)/Pods-TakePictureTests-checkManifestLockResult.txt",
			);
			runOnlyForDeploymentPostprocessing = 0;
			shellPath = /bin/sh;
			shellScript = "diff \"${PODS_PODFILE_DIR_PATH}/Podfile.lock\" \"${PODS_ROOT}/Manifest.lock\" > /dev/null\nif [ $? != 0 ] ; then\n    # print error to STDERR\n    echo \"error: The sandbox is not in sync with the Podfile.lock. Run 'pod install' or update your CocoaPods installation.\" >&2\n    exit 1\nfi\n# This output is used by Xcode 'outputs' to avoid re-running this script phase.\necho \"SUCCESS\" > \"${SCRIPT_OUTPUT_FILE_0}\"\n";
			showEnvVarsInLog = 0;
		};
/* End PBXShellScriptBuildPhase section */

/* Begin PBXSourcesBuildPhase section */
		0A91F694240AD83E009003A4 /* Sources */ = {
			isa = PBXSourcesBuildPhase;
			buildActionMask = 2147483647;
			files = (
				0A91F6A0240AD83E009003A4 /* ViewController.swift in Sources */,
				0A91F69C240AD83E009003A4 /* AppDelegate.swift in Sources */,
				0A91F69E240AD83E009003A4 /* SceneDelegate.swift in Sources */,
			);
			runOnlyForDeploymentPostprocessing = 0;
		};
		0A91F6AA240AD841009003A4 /* Sources */ = {
			isa = PBXSourcesBuildPhase;
			buildActionMask = 2147483647;
			files = (
				0A91F6B3240AD841009003A4 /* TakePictureTests.swift in Sources */,
			);
			runOnlyForDeploymentPostprocessing = 0;
		};
		0A91F6B5240AD841009003A4 /* Sources */ = {
			isa = PBXSourcesBuildPhase;
			buildActionMask = 2147483647;
			files = (
				0A91F6BE240AD841009003A4 /* TakePictureUITests.swift in Sources */,
			);
			runOnlyForDeploymentPostprocessing = 0;
		};
/* End PBXSourcesBuildPhase section */

/* Begin PBXTargetDependency section */
		0A91F6B0240AD841009003A4 /* PBXTargetDependency */ = {
			isa = PBXTargetDependency;
			target = 0A91F697240AD83E009003A4 /* TakePicture */;
			targetProxy = 0A91F6AF240AD841009003A4 /* PBXContainerItemProxy */;
		};
		0A91F6BB240AD841009003A4 /* PBXTargetDependency */ = {
			isa = PBXTargetDependency;
			target = 0A91F697240AD83E009003A4 /* TakePicture */;
			targetProxy = 0A91F6BA240AD841009003A4 /* PBXContainerItemProxy */;
		};
/* End PBXTargetDependency section */

/* Begin PBXVariantGroup section */
		0A91F6A1240AD83E009003A4 /* Main.storyboard */ = {
			isa = PBXVariantGroup;
			children = (
				0A91F6A2240AD83E009003A4 /* Base */,
			);
			name = Main.storyboard;
			sourceTree = "<group>";
		};
		0A91F6A6240AD841009003A4 /* LaunchScreen.storyboard */ = {
			isa = PBXVariantGroup;
			children = (
				0A91F6A7240AD841009003A4 /* Base */,
			);
			name = LaunchScreen.storyboard;
			sourceTree = "<group>";
		};
/* End PBXVariantGroup section */

/* Begin XCBuildConfiguration section */
		0A91F6C0240AD841009003A4 /* Debug */ = {
			isa = XCBuildConfiguration;
			buildSettings = {
				ALWAYS_SEARCH_USER_PATHS = NO;
				CLANG_ANALYZER_NONNULL = YES;
				CLANG_ANALYZER_NUMBER_OBJECT_CONVERSION = YES_AGGRESSIVE;
				CLANG_CXX_LANGUAGE_STANDARD = "gnu++14";
				CLANG_CXX_LIBRARY = "libc++";
				CLANG_ENABLE_MODULES = YES;
				CLANG_ENABLE_OBJC_ARC = YES;
				CLANG_ENABLE_OBJC_WEAK = YES;
				CLANG_WARN_BLOCK_CAPTURE_AUTORELEASING = YES;
				CLANG_WARN_BOOL_CONVERSION = YES;
				CLANG_WARN_COMMA = YES;
				CLANG_WARN_CONSTANT_CONVERSION = YES;
				CLANG_WARN_DEPRECATED_OBJC_IMPLEMENTATIONS = YES;
				CLANG_WARN_DIRECT_OBJC_ISA_USAGE = YES_ERROR;
				CLANG_WARN_DOCUMENTATION_COMMENTS = YES;
				CLANG_WARN_EMPTY_BODY = YES;
				CLANG_WARN_ENUM_CONVERSION = YES;
				CLANG_WARN_INFINITE_RECURSION = YES;
				CLANG_WARN_INT_CONVERSION = YES;
				CLANG_WARN_NON_LITERAL_NULL_CONVERSION = YES;
				CLANG_WARN_OBJC_IMPLICIT_RETAIN_SELF = YES;
				CLANG_WARN_OBJC_LITERAL_CONVERSION = YES;
				CLANG_WARN_OBJC_ROOT_CLASS = YES_ERROR;
				CLANG_WARN_RANGE_LOOP_ANALYSIS = YES;
				CLANG_WARN_STRICT_PROTOTYPES = YES;
				CLANG_WARN_SUSPICIOUS_MOVE = YES;
				CLANG_WARN_UNGUARDED_AVAILABILITY = YES_AGGRESSIVE;
				CLANG_WARN_UNREACHABLE_CODE = YES;
				CLANG_WARN__DUPLICATE_METHOD_MATCH = YES;
				COPY_PHASE_STRIP = NO;
				DEBUG_INFORMATION_FORMAT = dwarf;
				ENABLE_STRICT_OBJC_MSGSEND = YES;
				ENABLE_TESTABILITY = YES;
				GCC_C_LANGUAGE_STANDARD = gnu11;
				GCC_DYNAMIC_NO_PIC = NO;
				GCC_NO_COMMON_BLOCKS = YES;
				GCC_OPTIMIZATION_LEVEL = 0;
				GCC_PREPROCESSOR_DEFINITIONS = (
					"DEBUG=1",
					"$(inherited)",
				);
				GCC_WARN_64_TO_32_BIT_CONVERSION = YES;
				GCC_WARN_ABOUT_RETURN_TYPE = YES_ERROR;
				GCC_WARN_UNDECLARED_SELECTOR = YES;
				GCC_WARN_UNINITIALIZED_AUTOS = YES_AGGRESSIVE;
				GCC_WARN_UNUSED_FUNCTION = YES;
				GCC_WARN_UNUSED_VARIABLE = YES;
				IPHONEOS_DEPLOYMENT_TARGET = 13.2;
				MTL_ENABLE_DEBUG_INFO = INCLUDE_SOURCE;
				MTL_FAST_MATH = YES;
				ONLY_ACTIVE_ARCH = YES;
				SDKROOT = iphoneos;
				SWIFT_ACTIVE_COMPILATION_CONDITIONS = DEBUG;
				SWIFT_OPTIMIZATION_LEVEL = "-Onone";
			};
			name = Debug;
		};
		0A91F6C1240AD841009003A4 /* Release */ = {
			isa = XCBuildConfiguration;
			buildSettings = {
				ALWAYS_SEARCH_USER_PATHS = NO;
				CLANG_ANALYZER_NONNULL = YES;
				CLANG_ANALYZER_NUMBER_OBJECT_CONVERSION = YES_AGGRESSIVE;
				CLANG_CXX_LANGUAGE_STANDARD = "gnu++14";
				CLANG_CXX_LIBRARY = "libc++";
				CLANG_ENABLE_MODULES = YES;
				CLANG_ENABLE_OBJC_ARC = YES;
				CLANG_ENABLE_OBJC_WEAK = YES;
				CLANG_WARN_BLOCK_CAPTURE_AUTORELEASING = YES;
				CLANG_WARN_BOOL_CONVERSION = YES;
				CLANG_WARN_COMMA = YES;
				CLANG_WARN_CONSTANT_CONVERSION = YES;
				CLANG_WARN_DEPRECATED_OBJC_IMPLEMENTATIONS = YES;
				CLANG_WARN_DIRECT_OBJC_ISA_USAGE = YES_ERROR;
				CLANG_WARN_DOCUMENTATION_COMMENTS = YES;
				CLANG_WARN_EMPTY_BODY = YES;
				CLANG_WARN_ENUM_CONVERSION = YES;
				CLANG_WARN_INFINITE_RECURSION = YES;
				CLANG_WARN_INT_CONVERSION = YES;
				CLANG_WARN_NON_LITERAL_NULL_CONVERSION = YES;
				CLANG_WARN_OBJC_IMPLICIT_RETAIN_SELF = YES;
				CLANG_WARN_OBJC_LITERAL_CONVERSION = YES;
				CLANG_WARN_OBJC_ROOT_CLASS = YES_ERROR;
				CLANG_WARN_RANGE_LOOP_ANALYSIS = YES;
				CLANG_WARN_STRICT_PROTOTYPES = YES;
				CLANG_WARN_SUSPICIOUS_MOVE = YES;
				CLANG_WARN_UNGUARDED_AVAILABILITY = YES_AGGRESSIVE;
				CLANG_WARN_UNREACHABLE_CODE = YES;
				CLANG_WARN__DUPLICATE_METHOD_MATCH = YES;
				COPY_PHASE_STRIP = NO;
				DEBUG_INFORMATION_FORMAT = "dwarf-with-dsym";
				ENABLE_NS_ASSERTIONS = NO;
				ENABLE_STRICT_OBJC_MSGSEND = YES;
				GCC_C_LANGUAGE_STANDARD = gnu11;
				GCC_NO_COMMON_BLOCKS = YES;
				GCC_WARN_64_TO_32_BIT_CONVERSION = YES;
				GCC_WARN_ABOUT_RETURN_TYPE = YES_ERROR;
				GCC_WARN_UNDECLARED_SELECTOR = YES;
				GCC_WARN_UNINITIALIZED_AUTOS = YES_AGGRESSIVE;
				GCC_WARN_UNUSED_FUNCTION = YES;
				GCC_WARN_UNUSED_VARIABLE = YES;
				IPHONEOS_DEPLOYMENT_TARGET = 13.2;
				MTL_ENABLE_DEBUG_INFO = NO;
				MTL_FAST_MATH = YES;
				SDKROOT = iphoneos;
				SWIFT_COMPILATION_MODE = wholemodule;
				SWIFT_OPTIMIZATION_LEVEL = "-O";
				VALIDATE_PRODUCT = YES;
			};
			name = Release;
		};
		0A91F6C3240AD841009003A4 /* Debug */ = {
			isa = XCBuildConfiguration;
			baseConfigurationReference = B7A1E5E4E53CA52F1069B82E /* Pods-TakePicture.debug.xcconfig */;
			buildSettings = {
				ASSETCATALOG_COMPILER_APPICON_NAME = AppIcon;
				CODE_SIGN_STYLE = Automatic;
				DEVELOPMENT_TEAM = KPZRW5HSD6;
				INFOPLIST_FILE = TakePicture/Info.plist;
				IPHONEOS_DEPLOYMENT_TARGET = 11.1;
				LD_RUNPATH_SEARCH_PATHS = (
					"$(inherited)",
					"@executable_path/Frameworks",
				);
				PRODUCT_BUNDLE_IDENTIFIER = com.beltoyou.TakePicture;
				PRODUCT_NAME = "Primer App";
				SWIFT_VERSION = 5.0;
				TARGETED_DEVICE_FAMILY = "1,2";
			};
			name = Debug;
		};
		0A91F6C4240AD841009003A4 /* Release */ = {
			isa = XCBuildConfiguration;
			baseConfigurationReference = AEFAC6596E032F293E3CD974 /* Pods-TakePicture.release.xcconfig */;
			buildSettings = {
				ASSETCATALOG_COMPILER_APPICON_NAME = AppIcon;
				CODE_SIGN_STYLE = Automatic;
				DEVELOPMENT_TEAM = KPZRW5HSD6;
				INFOPLIST_FILE = TakePicture/Info.plist;
				IPHONEOS_DEPLOYMENT_TARGET = 11.1;
				LD_RUNPATH_SEARCH_PATHS = (
					"$(inherited)",
					"@executable_path/Frameworks",
				);
				PRODUCT_BUNDLE_IDENTIFIER = com.beltoyou.TakePicture;
				PRODUCT_NAME = "Primer App";
				SWIFT_VERSION = 5.0;
				TARGETED_DEVICE_FAMILY = "1,2";
			};
			name = Release;
		};
		0A91F6C6240AD841009003A4 /* Debug */ = {
			isa = XCBuildConfiguration;
			baseConfigurationReference = 2796D033F478050FD069F0CF /* Pods-TakePictureTests.debug.xcconfig */;
			buildSettings = {
				ALWAYS_EMBED_SWIFT_STANDARD_LIBRARIES = YES;
				BUNDLE_LOADER = "$(TEST_HOST)";
				CODE_SIGN_STYLE = Automatic;
				DEVELOPMENT_TEAM = KPZRW5HSD6;
				INFOPLIST_FILE = TakePictureTests/Info.plist;
				IPHONEOS_DEPLOYMENT_TARGET = 13.2;
				LD_RUNPATH_SEARCH_PATHS = (
					"$(inherited)",
					"@executable_path/Frameworks",
					"@loader_path/Frameworks",
				);
				PRODUCT_BUNDLE_IDENTIFIER = com.beltoyou.TakePictureTests;
				PRODUCT_NAME = "$(TARGET_NAME)";
				SWIFT_VERSION = 5.0;
				TARGETED_DEVICE_FAMILY = "1,2";
				TEST_HOST = "$(BUILT_PRODUCTS_DIR)/TakePicture.app/TakePicture";
			};
			name = Debug;
		};
		0A91F6C7240AD841009003A4 /* Release */ = {
			isa = XCBuildConfiguration;
			baseConfigurationReference = 87B15FD6CD78D2CE17AF4011 /* Pods-TakePictureTests.release.xcconfig */;
			buildSettings = {
				ALWAYS_EMBED_SWIFT_STANDARD_LIBRARIES = YES;
				BUNDLE_LOADER = "$(TEST_HOST)";
				CODE_SIGN_STYLE = Automatic;
				DEVELOPMENT_TEAM = KPZRW5HSD6;
				INFOPLIST_FILE = TakePictureTests/Info.plist;
				IPHONEOS_DEPLOYMENT_TARGET = 13.2;
				LD_RUNPATH_SEARCH_PATHS = (
					"$(inherited)",
					"@executable_path/Frameworks",
					"@loader_path/Frameworks",
				);
				PRODUCT_BUNDLE_IDENTIFIER = com.beltoyou.TakePictureTests;
				PRODUCT_NAME = "$(TARGET_NAME)";
				SWIFT_VERSION = 5.0;
				TARGETED_DEVICE_FAMILY = "1,2";
				TEST_HOST = "$(BUILT_PRODUCTS_DIR)/TakePicture.app/TakePicture";
			};
			name = Release;
		};
		0A91F6C9240AD841009003A4 /* Debug */ = {
			isa = XCBuildConfiguration;
			baseConfigurationReference = 7BFD819D00999031933ADA00 /* Pods-TakePicture-TakePictureUITests.debug.xcconfig */;
			buildSettings = {
				ALWAYS_EMBED_SWIFT_STANDARD_LIBRARIES = YES;
				CODE_SIGN_STYLE = Automatic;
				DEVELOPMENT_TEAM = KPZRW5HSD6;
				INFOPLIST_FILE = TakePictureUITests/Info.plist;
				LD_RUNPATH_SEARCH_PATHS = (
					"$(inherited)",
					"@executable_path/Frameworks",
					"@loader_path/Frameworks",
				);
				PRODUCT_BUNDLE_IDENTIFIER = com.beltoyou.TakePictureUITests;
				PRODUCT_NAME = "$(TARGET_NAME)";
				SWIFT_VERSION = 5.0;
				TARGETED_DEVICE_FAMILY = "1,2";
				TEST_TARGET_NAME = TakePicture;
			};
			name = Debug;
		};
		0A91F6CA240AD841009003A4 /* Release */ = {
			isa = XCBuildConfiguration;
			baseConfigurationReference = 239F1E009463F491E1696E6E /* Pods-TakePicture-TakePictureUITests.release.xcconfig */;
			buildSettings = {
				ALWAYS_EMBED_SWIFT_STANDARD_LIBRARIES = YES;
				CODE_SIGN_STYLE = Automatic;
				DEVELOPMENT_TEAM = KPZRW5HSD6;
				INFOPLIST_FILE = TakePictureUITests/Info.plist;
				LD_RUNPATH_SEARCH_PATHS = (
					"$(inherited)",
					"@executable_path/Frameworks",
					"@loader_path/Frameworks",
				);
				PRODUCT_BUNDLE_IDENTIFIER = com.beltoyou.TakePictureUITests;
				PRODUCT_NAME = "$(TARGET_NAME)";
				SWIFT_VERSION = 5.0;
				TARGETED_DEVICE_FAMILY = "1,2";
				TEST_TARGET_NAME = TakePicture;
			};
			name = Release;
		};
/* End XCBuildConfiguration section */

/* Begin XCConfigurationList section */
		0A91F693240AD83E009003A4 /* Build configuration list for PBXProject "TakePicture" */ = {
			isa = XCConfigurationList;
			buildConfigurations = (
				0A91F6C0240AD841009003A4 /* Debug */,
				0A91F6C1240AD841009003A4 /* Release */,
			);
			defaultConfigurationIsVisible = 0;
			defaultConfigurationName = Release;
		};
		0A91F6C2240AD841009003A4 /* Build configuration list for PBXNativeTarget "TakePicture" */ = {
			isa = XCConfigurationList;
			buildConfigurations = (
				0A91F6C3240AD841009003A4 /* Debug */,
				0A91F6C4240AD841009003A4 /* Release */,
			);
			defaultConfigurationIsVisible = 0;
			defaultConfigurationName = Release;
		};
		0A91F6C5240AD841009003A4 /* Build configuration list for PBXNativeTarget "TakePictureTests" */ = {
			isa = XCConfigurationList;
			buildConfigurations = (
				0A91F6C6240AD841009003A4 /* Debug */,
				0A91F6C7240AD841009003A4 /* Release */,
			);
			defaultConfigurationIsVisible = 0;
			defaultConfigurationName = Release;
		};
		0A91F6C8240AD841009003A4 /* Build configuration list for PBXNativeTarget "TakePictureUITests" */ = {
			isa = XCConfigurationList;
			buildConfigurations = (
				0A91F6C9240AD841009003A4 /* Debug */,
				0A91F6CA240AD841009003A4 /* Release */,
			);
			defaultConfigurationIsVisible = 0;
			defaultConfigurationName = Release;
		};
/* End XCConfigurationList section */
	};
	rootObject = 0A91F690240AD83E009003A4 /* Project object */;
}
